
Microsoft Visual Studio Solution File, Format Version 12.00
# Visual Studio Version 17
VisualStudioVersion = 17.14.36119.2 d17.14
MinimumVisualStudioVersion = 10.0.40219.1
Project("{FAE04EC0-301F-11D3-BF4B-00C04F79EFBC}") = "OrbinatAPI", "OrbinatAPI\OrbinatAPI.csproj", "{B9C187B6-9EBD-40EC-914E-6C317E6EC6AB}"
EndProject
Global
	GlobalSection(SolutionConfigurationPlatforms) = preSolution
		Debug|Any CPU = Debug|Any CPU
		Release|Any CPU = Release|Any CPU
	EndGlobalSection
	GlobalSection(ProjectConfigurationPlatforms) = postSolution
		{B9C187B6-9EBD-40EC-914E-6C317E6EC6AB}.Debug|Any CPU.ActiveCfg = Debug|Any CPU
		{B9C187B6-9EBD-40EC-914E-6C317E6EC6AB}.Debug|Any CPU.Build.0 = Debug|Any CPU
		{B9C187B6-9EBD-40EC-914E-6C317E6EC6AB}.Release|Any CPU.ActiveCfg = Release|Any CPU
		{B9C187B6-9EBD-40EC-914E-6C317E6EC6AB}.Release|Any CPU.Build.0 = Release|Any CPU
	EndGlobalSection
	GlobalSection(SolutionProperties) = preSolution
		HideSolutionNode = FALSE
	EndGlobalSection
	GlobalSection(ExtensibilityGlobals) = postSolution
		SolutionGuid = {11C88EF2-2028-493A-B142-B80B28DCFACD}
	EndGlobalSection
EndGlobal
